
Microsoft Visual Studio Solution File, Format Version 12.00
# Visual Studio Version 17
VisualStudioVersion = 17.3.32804.467
MinimumVisualStudioVersion = 10.0.40219.1
Project("{FAE04EC0-301F-11D3-BF4B-00C04F79EFBC}") = "GitInsight", "GitInsight\GitInsight.csproj", "{C506CF4D-0278-4D95-8A8F-19E2A9E0DAB1}"
EndProject
Project("{FAE04EC0-301F-11D3-BF4B-00C04F79EFBC}") = "GitInsightTest", "GitInsightTest\GitInsightTest.csproj", "{52859944-20EC-4C87-8D3F-082E440A4824}"
EndProject
Project("{FAE04EC0-301F-11D3-BF4B-00C04F79EFBC}") = "GitInsight.Entities", "GitInsight.Entities\GitInsight.Entities.csproj", "{E4B1DFE2-114D-461E-8900-AE659406D3DE}"
EndProject
Project("{FAE04EC0-301F-11D3-BF4B-00C04F79EFBC}") = "GitInsight.Core", "GitInsight.Core\GitInsight.Core.csproj", "{63503705-7754-41C8-B6E6-3A567EF6D262}"
EndProject
Global
	GlobalSection(SolutionConfigurationPlatforms) = preSolution
		Debug|Any CPU = Debug|Any CPU
		Release|Any CPU = Release|Any CPU
	EndGlobalSection
	GlobalSection(ProjectConfigurationPlatforms) = postSolution
		{C506CF4D-0278-4D95-8A8F-19E2A9E0DAB1}.Debug|Any CPU.ActiveCfg = Debug|Any CPU
		{C506CF4D-0278-4D95-8A8F-19E2A9E0DAB1}.Debug|Any CPU.Build.0 = Debug|Any CPU
		{C506CF4D-0278-4D95-8A8F-19E2A9E0DAB1}.Release|Any CPU.ActiveCfg = Release|Any CPU
		{C506CF4D-0278-4D95-8A8F-19E2A9E0DAB1}.Release|Any CPU.Build.0 = Release|Any CPU
		{52859944-20EC-4C87-8D3F-082E440A4824}.Debug|Any CPU.ActiveCfg = Debug|Any CPU
		{52859944-20EC-4C87-8D3F-082E440A4824}.Debug|Any CPU.Build.0 = Debug|Any CPU
		{52859944-20EC-4C87-8D3F-082E440A4824}.Release|Any CPU.ActiveCfg = Release|Any CPU
		{52859944-20EC-4C87-8D3F-082E440A4824}.Release|Any CPU.Build.0 = Release|Any CPU
		{E4B1DFE2-114D-461E-8900-AE659406D3DE}.Debug|Any CPU.ActiveCfg = Debug|Any CPU
		{E4B1DFE2-114D-461E-8900-AE659406D3DE}.Debug|Any CPU.Build.0 = Debug|Any CPU
		{E4B1DFE2-114D-461E-8900-AE659406D3DE}.Release|Any CPU.ActiveCfg = Release|Any CPU
		{E4B1DFE2-114D-461E-8900-AE659406D3DE}.Release|Any CPU.Build.0 = Release|Any CPU
		{63503705-7754-41C8-B6E6-3A567EF6D262}.Debug|Any CPU.ActiveCfg = Debug|Any CPU
		{63503705-7754-41C8-B6E6-3A567EF6D262}.Debug|Any CPU.Build.0 = Debug|Any CPU
		{63503705-7754-41C8-B6E6-3A567EF6D262}.Release|Any CPU.ActiveCfg = Release|Any CPU
		{63503705-7754-41C8-B6E6-3A567EF6D262}.Release|Any CPU.Build.0 = Release|Any CPU
	EndGlobalSection
	GlobalSection(SolutionProperties) = preSolution
		HideSolutionNode = FALSE
	EndGlobalSection
	GlobalSection(ExtensibilityGlobals) = postSolution
		SolutionGuid = {D7C82D2C-2EE6-49CD-9BA2-757B01032DCF}
	EndGlobalSection
EndGlobal
