Microsoft Visual Studio Solution File, Format Version 12.00
# Visual Studio Version 16
VisualStudioVersion = 16.0.0.0
MinimumVisualStudioVersion = 16.0.0.0
Project("{9A19103F-16F7-4668-BE54-9A1E7A4F7556}") = "GitInsight.Template.Server", "Server\GitInsight.Template.Server.csproj", "{333A9817-D294-492A-87BE-46E268205FC5}"
EndProject
Project("{9A19103F-16F7-4668-BE54-9A1E7A4F7556}") = "GitInsight.Template.Client", "Client\GitInsight.Template.Client.csproj", "{C1854555-5E1E-44AF-90D3-A23DA9BF3149}"
EndProject
Project("{9A19103F-16F7-4668-BE54-9A1E7A4F7556}") = "GitInsight.Template.Shared", "Shared\GitInsight.Template.Shared.csproj", "{504A2A2E-8881-4708-88F3-AE46B58B13D3}"
EndProject
Global
	GlobalSection(SolutionConfigurationPlatforms) = preSolution
		Debug|Any CPU = Debug|Any CPU
		Debug|x64 = Debug|x64
		Debug|x86 = Debug|x86
		Release|Any CPU = Release|Any CPU
		Release|x64 = Release|x64
		Release|x86 = Release|x86
	EndGlobalSection
	GlobalSection(ProjectConfigurationPlatforms) = postSolution
		{C1854555-5E1E-44AF-90D3-A23DA9BF3149}.Debug|Any CPU.ActiveCfg = Debug|Any CPU
		{C1854555-5E1E-44AF-90D3-A23DA9BF3149}.Debug|Any CPU.Build.0 = Debug|Any CPU
		{C1854555-5E1E-44AF-90D3-A23DA9BF3149}.Debug|x64.ActiveCfg = Debug|Any CPU
		{C1854555-5E1E-44AF-90D3-A23DA9BF3149}.Debug|x64.Build.0 = Debug|Any CPU
		{C1854555-5E1E-44AF-90D3-A23DA9BF3149}.Debug|x86.ActiveCfg = Debug|Any CPU
		{C1854555-5E1E-44AF-90D3-A23DA9BF3149}.Debug|x86.Build.0 = Debug|Any CPU
		{C1854555-5E1E-44AF-90D3-A23DA9BF3149}.Release|Any CPU.ActiveCfg = Release|Any CPU
		{C1854555-5E1E-44AF-90D3-A23DA9BF3149}.Release|Any CPU.Build.0 = Release|Any CPU
		{C1854555-5E1E-44AF-90D3-A23DA9BF3149}.Release|x64.ActiveCfg = Release|Any CPU
		{C1854555-5E1E-44AF-90D3-A23DA9BF3149}.Release|x64.Build.0 = Release|Any CPU
		{C1854555-5E1E-44AF-90D3-A23DA9BF3149}.Release|x86.ActiveCfg = Release|Any CPU
		{C1854555-5E1E-44AF-90D3-A23DA9BF3149}.Release|x86.Build.0 = Release|Any CPU
		{333A9817-D294-492A-87BE-46E268205FC5}.Debug|Any CPU.ActiveCfg = Debug|Any CPU
		{333A9817-D294-492A-87BE-46E268205FC5}.Debug|Any CPU.Build.0 = Debug|Any CPU
		{333A9817-D294-492A-87BE-46E268205FC5}.Debug|x64.ActiveCfg = Debug|Any CPU
		{333A9817-D294-492A-87BE-46E268205FC5}.Debug|x64.Build.0 = Debug|Any CPU
		{333A9817-D294-492A-87BE-46E268205FC5}.Debug|x86.ActiveCfg = Debug|Any CPU
		{333A9817-D294-492A-87BE-46E268205FC5}.Debug|x86.Build.0 = Debug|Any CPU
		{333A9817-D294-492A-87BE-46E268205FC5}.Release|Any CPU.ActiveCfg = Release|Any CPU
		{333A9817-D294-492A-87BE-46E268205FC5}.Release|Any CPU.Build.0 = Release|Any CPU
		{333A9817-D294-492A-87BE-46E268205FC5}.Release|x64.ActiveCfg = Release|Any CPU
		{333A9817-D294-492A-87BE-46E268205FC5}.Release|x64.Build.0 = Release|Any CPU
		{333A9817-D294-492A-87BE-46E268205FC5}.Release|x86.ActiveCfg = Release|Any CPU
		{333A9817-D294-492A-87BE-46E268205FC5}.Release|x86.Build.0 = Release|Any CPU
		{504A2A2E-8881-4708-88F3-AE46B58B13D3}.Debug|Any CPU.ActiveCfg = Debug|Any CPU
		{504A2A2E-8881-4708-88F3-AE46B58B13D3}.Debug|Any CPU.Build.0 = Debug|Any CPU
		{504A2A2E-8881-4708-88F3-AE46B58B13D3}.Debug|x64.ActiveCfg = Debug|Any CPU
		{504A2A2E-8881-4708-88F3-AE46B58B13D3}.Debug|x64.Build.0 = Debug|Any CPU
		{504A2A2E-8881-4708-88F3-AE46B58B13D3}.Debug|x86.ActiveCfg = Debug|Any CPU
		{504A2A2E-8881-4708-88F3-AE46B58B13D3}.Debug|x86.Build.0 = Debug|Any CPU
		{504A2A2E-8881-4708-88F3-AE46B58B13D3}.Release|Any CPU.ActiveCfg = Release|Any CPU
		{504A2A2E-8881-4708-88F3-AE46B58B13D3}.Release|Any CPU.Build.0 = Release|Any CPU
		{504A2A2E-8881-4708-88F3-AE46B58B13D3}.Release|x64.ActiveCfg = Release|Any CPU
		{504A2A2E-8881-4708-88F3-AE46B58B13D3}.Release|x64.Build.0 = Release|Any CPU
		{504A2A2E-8881-4708-88F3-AE46B58B13D3}.Release|x86.ActiveCfg = Release|Any CPU
		{504A2A2E-8881-4708-88F3-AE46B58B13D3}.Release|x86.Build.0 = Release|Any CPU
	EndGlobalSection
	GlobalSection(SolutionProperties) = preSolution
		HideSolutionNode = FALSE
	EndGlobalSection
	GlobalSection(ExtensibilityGlobals) = postSolution
		SolutionGuid = {76DB1498-DC10-4F78-9D20-64F158A635AA}
	EndGlobalSection
EndGlobal